// !$*UTF8*$!
{
	archiveVersion = 1;
	classes = {
	};
	objectVersion = 50;
	objects = {

/* Begin PBXBuildFile section */
		83306EED2668F7D7009E6FC8 /* BeerShareApp.swift in Sources */ = {isa = PBXBuildFile; fileRef = 83306EEC2668F7D7009E6FC8 /* BeerShareApp.swift */; };
		83306EEF2668F7D7009E6FC8 /* MainView.swift in Sources */ = {isa = PBXBuildFile; fileRef = 83306EEE2668F7D7009E6FC8 /* MainView.swift */; };
		83306EF12668F7D9009E6FC8 /* Assets.xcassets in Resources */ = {isa = PBXBuildFile; fileRef = 83306EF02668F7D9009E6FC8 /* Assets.xcassets */; };
		83306EF42668F7D9009E6FC8 /* Preview Assets.xcassets in Resources */ = {isa = PBXBuildFile; fileRef = 83306EF32668F7D9009E6FC8 /* Preview Assets.xcassets */; };
		8346871426692C5B0051C101 /* OrderManagementView.swift in Sources */ = {isa = PBXBuildFile; fileRef = 8346871326692C5B0051C101 /* OrderManagementView.swift */; };
		8346871626692CAB0051C101 /* BierkellerView.swift in Sources */ = {isa = PBXBuildFile; fileRef = 8346871526692CAB0051C101 /* BierkellerView.swift */; };
		8346872126693F8C0051C101 /* ManagementDetailView.swift in Sources */ = {isa = PBXBuildFile; fileRef = 8346872026693F8C0051C101 /* ManagementDetailView.swift */; };
		83468723266941120051C101 /* Package.swift in Sources */ = {isa = PBXBuildFile; fileRef = 83468722266941120051C101 /* Package.swift */; };
		83468725266948D20051C101 /* Order.swift in Sources */ = {isa = PBXBuildFile; fileRef = 83468724266948D20051C101 /* Order.swift */; };
		83636473266ACE65007C4618 /* Location.swift in Sources */ = {isa = PBXBuildFile; fileRef = 83636472266ACE65007C4618 /* Location.swift */; };
		837501752677567800530F9C /* BeerSearchView.swift in Sources */ = {isa = PBXBuildFile; fileRef = 837501742677567800530F9C /* BeerSearchView.swift */; };
		83DF10302674EE37001C708B /* WebApiClient.swift in Sources */ = {isa = PBXBuildFile; fileRef = 83DF102F2674EE37001C708B /* WebApiClient.swift */; };
		83DF103226752BB1001C708B /* TestView.swift in Sources */ = {isa = PBXBuildFile; fileRef = 83DF103126752BB1001C708B /* TestView.swift */; };
		83DF103426752BD0001C708B /* Beer.swift in Sources */ = {isa = PBXBuildFile; fileRef = 83DF103326752BD0001C708B /* Beer.swift */; };
		83EC221E26696D4300467F6B /* BierkellerDetailView.swift in Sources */ = {isa = PBXBuildFile; fileRef = 83EC221D26696D4300467F6B /* BierkellerDetailView.swift */; };
		E809C1E1267627B2007899B6 /* Address.swift in Sources */ = {isa = PBXBuildFile; fileRef = E809C1E0267627B2007899B6 /* Address.swift */; };
		E809C1E3267627ED007899B6 /* BeerCellar.swift in Sources */ = {isa = PBXBuildFile; fileRef = E809C1E2267627ED007899B6 /* BeerCellar.swift */; };
		E80F7AB926836ABD00B78BDA /* Shared.swift in Sources */ = {isa = PBXBuildFile; fileRef = E80F7AB826836ABD00B78BDA /* Shared.swift */; };
		E80F7ABB2683702E00B78BDA /* BeerCellarEntry.swift in Sources */ = {isa = PBXBuildFile; fileRef = E80F7ABA2683702E00B78BDA /* BeerCellarEntry.swift */; };
		E80F7AC126839C8A00B78BDA /* BeerEntryDetailView.swift in Sources */ = {isa = PBXBuildFile; fileRef = E80F7AC026839C8A00B78BDA /* BeerEntryDetailView.swift */; };
		E80FADCE268CA5120046C746 /* LoginResponse.swift in Sources */ = {isa = PBXBuildFile; fileRef = E80FADCD268CA5120046C746 /* LoginResponse.swift */; };
		E8DF01E82684BE2A00F04CFD /* BeerEditView.swift in Sources */ = {isa = PBXBuildFile; fileRef = E8DF01E72684BE2A00F04CFD /* BeerEditView.swift */; };
		E8DF01ED2685DFAD00F04CFD /* AddressEditView.swift in Sources */ = {isa = PBXBuildFile; fileRef = E8DF01EC2685DFAD00F04CFD /* AddressEditView.swift */; };
/* End PBXBuildFile section */

/* Begin PBXFileReference section */
		83306EE92668F7D7009E6FC8 /* BeerShare.app */ = {isa = PBXFileReference; explicitFileType = wrapper.application; includeInIndex = 0; path = BeerShare.app; sourceTree = BUILT_PRODUCTS_DIR; };
		83306EEC2668F7D7009E6FC8 /* BeerShareApp.swift */ = {isa = PBXFileReference; lastKnownFileType = sourcecode.swift; path = BeerShareApp.swift; sourceTree = "<group>"; };
		83306EEE2668F7D7009E6FC8 /* MainView.swift */ = {isa = PBXFileReference; lastKnownFileType = sourcecode.swift; path = MainView.swift; sourceTree = "<group>"; };
		83306EF02668F7D9009E6FC8 /* Assets.xcassets */ = {isa = PBXFileReference; lastKnownFileType = folder.assetcatalog; path = Assets.xcassets; sourceTree = "<group>"; };
		83306EF32668F7D9009E6FC8 /* Preview Assets.xcassets */ = {isa = PBXFileReference; lastKnownFileType = folder.assetcatalog; path = "Preview Assets.xcassets"; sourceTree = "<group>"; };
		83306EF52668F7D9009E6FC8 /* Info.plist */ = {isa = PBXFileReference; lastKnownFileType = text.plist.xml; path = Info.plist; sourceTree = "<group>"; };
		8346871326692C5B0051C101 /* OrderManagementView.swift */ = {isa = PBXFileReference; lastKnownFileType = sourcecode.swift; path = OrderManagementView.swift; sourceTree = "<group>"; };
		8346871526692CAB0051C101 /* BierkellerView.swift */ = {isa = PBXFileReference; lastKnownFileType = sourcecode.swift; path = BierkellerView.swift; sourceTree = "<group>"; };
		8346872026693F8C0051C101 /* ManagementDetailView.swift */ = {isa = PBXFileReference; lastKnownFileType = sourcecode.swift; path = ManagementDetailView.swift; sourceTree = "<group>"; };
		83468722266941120051C101 /* Package.swift */ = {isa = PBXFileReference; lastKnownFileType = sourcecode.swift; path = Package.swift; sourceTree = "<group>"; };
		83468724266948D20051C101 /* Order.swift */ = {isa = PBXFileReference; lastKnownFileType = sourcecode.swift; path = Order.swift; sourceTree = "<group>"; };
		83636472266ACE65007C4618 /* Location.swift */ = {isa = PBXFileReference; lastKnownFileType = sourcecode.swift; path = Location.swift; sourceTree = "<group>"; };
		837501742677567800530F9C /* BeerSearchView.swift */ = {isa = PBXFileReference; lastKnownFileType = sourcecode.swift; path = BeerSearchView.swift; sourceTree = "<group>"; };
		83DF102F2674EE37001C708B /* WebApiClient.swift */ = {isa = PBXFileReference; lastKnownFileType = sourcecode.swift; path = WebApiClient.swift; sourceTree = "<group>"; };
		83DF103126752BB1001C708B /* TestView.swift */ = {isa = PBXFileReference; lastKnownFileType = sourcecode.swift; path = TestView.swift; sourceTree = "<group>"; };
		83DF103326752BD0001C708B /* Beer.swift */ = {isa = PBXFileReference; lastKnownFileType = sourcecode.swift; path = Beer.swift; sourceTree = "<group>"; };
		83EC221D26696D4300467F6B /* BierkellerDetailView.swift */ = {isa = PBXFileReference; lastKnownFileType = sourcecode.swift; path = BierkellerDetailView.swift; sourceTree = "<group>"; };
		E809C1E0267627B2007899B6 /* Address.swift */ = {isa = PBXFileReference; lastKnownFileType = sourcecode.swift; path = Address.swift; sourceTree = "<group>"; };
		E809C1E2267627ED007899B6 /* BeerCellar.swift */ = {isa = PBXFileReference; lastKnownFileType = sourcecode.swift; path = BeerCellar.swift; sourceTree = "<group>"; };
		E80F7AB826836ABD00B78BDA /* Shared.swift */ = {isa = PBXFileReference; lastKnownFileType = sourcecode.swift; path = Shared.swift; sourceTree = "<group>"; };
		E80F7ABA2683702E00B78BDA /* BeerCellarEntry.swift */ = {isa = PBXFileReference; lastKnownFileType = sourcecode.swift; path = BeerCellarEntry.swift; sourceTree = "<group>"; };
		E80F7AC026839C8A00B78BDA /* BeerEntryDetailView.swift */ = {isa = PBXFileReference; lastKnownFileType = sourcecode.swift; path = BeerEntryDetailView.swift; sourceTree = "<group>"; };
		E80FADCD268CA5120046C746 /* LoginResponse.swift */ = {isa = PBXFileReference; lastKnownFileType = sourcecode.swift; path = LoginResponse.swift; sourceTree = "<group>"; };
		E8DF01E72684BE2A00F04CFD /* BeerEditView.swift */ = {isa = PBXFileReference; lastKnownFileType = sourcecode.swift; path = BeerEditView.swift; sourceTree = "<group>"; };
		E8DF01EC2685DFAD00F04CFD /* AddressEditView.swift */ = {isa = PBXFileReference; lastKnownFileType = sourcecode.swift; path = AddressEditView.swift; sourceTree = "<group>"; };
/* End PBXFileReference section */

/* Begin PBXFrameworksBuildPhase section */
		83306EE62668F7D7009E6FC8 /* Frameworks */ = {
			isa = PBXFrameworksBuildPhase;
			buildActionMask = 2147483647;
			files = (
			);
			runOnlyForDeploymentPostprocessing = 0;
		};
/* End PBXFrameworksBuildPhase section */

/* Begin PBXGroup section */
		6010DA725FF41EDACFEA639D /* Frameworks */ = {
			isa = PBXGroup;
			children = (
			);
			name = Frameworks;
			sourceTree = "<group>";
		};
		83306EE02668F7D7009E6FC8 = {
			isa = PBXGroup;
			children = (
				E80FADCD268CA5120046C746 /* LoginResponse.swift */,
				E80F7ABA2683702E00B78BDA /* BeerCellarEntry.swift */,
				E80F7AB826836ABD00B78BDA /* Shared.swift */,
				E809C1E2267627ED007899B6 /* BeerCellar.swift */,
				E809C1E0267627B2007899B6 /* Address.swift */,
				83DF103326752BD0001C708B /* Beer.swift */,
				83DF102F2674EE37001C708B /* WebApiClient.swift */,
				83636472266ACE65007C4618 /* Location.swift */,
				83468724266948D20051C101 /* Order.swift */,
				83468722266941120051C101 /* Package.swift */,
				837501762677576F00530F9C /* Tests */,
				83468719266931020051C101 /* OrderManagement */,
				83468718266930DC0051C101 /* Bierkeller */,
				E8DF01E62684BDF700F04CFD /* Beer */,
				83468717266930AC0051C101 /* BeerSearch */,
				83306EEB2668F7D7009E6FC8 /* BeerShare */,
				83306EEA2668F7D7009E6FC8 /* Products */,
				6010DA725FF41EDACFEA639D /* Frameworks */,
			);
			sourceTree = "<group>";
		};
		83306EEA2668F7D7009E6FC8 /* Products */ = {
			isa = PBXGroup;
			children = (
				83306EE92668F7D7009E6FC8 /* BeerShare.app */,
			);
			name = Products;
			sourceTree = "<group>";
		};
		83306EEB2668F7D7009E6FC8 /* BeerShare */ = {
			isa = PBXGroup;
			children = (
				83306EEC2668F7D7009E6FC8 /* BeerShareApp.swift */,
				83306EEE2668F7D7009E6FC8 /* MainView.swift */,
				83306EF02668F7D9009E6FC8 /* Assets.xcassets */,
				83306EF52668F7D9009E6FC8 /* Info.plist */,
				83306EF22668F7D9009E6FC8 /* Preview Content */,
			);
			path = BeerShare;
			sourceTree = "<group>";
		};
		83306EF22668F7D9009E6FC8 /* Preview Content */ = {
			isa = PBXGroup;
			children = (
				83306EF32668F7D9009E6FC8 /* Preview Assets.xcassets */,
			);
			path = "Preview Content";
			sourceTree = "<group>";
		};
		83468717266930AC0051C101 /* BeerSearch */ = {
			isa = PBXGroup;
			children = (
				837501742677567800530F9C /* BeerSearchView.swift */,
			);
			path = BeerSearch;
			sourceTree = "<group>";
		};
		83468718266930DC0051C101 /* Bierkeller */ = {
			isa = PBXGroup;
			children = (
				8346871526692CAB0051C101 /* BierkellerView.swift */,
				83EC221D26696D4300467F6B /* BierkellerDetailView.swift */,
				E80F7AC026839C8A00B78BDA /* BeerEntryDetailView.swift */,
				E8DF01EC2685DFAD00F04CFD /* AddressEditView.swift */,
			);
			path = Bierkeller;
			sourceTree = "<group>";
		};
		83468719266931020051C101 /* OrderManagement */ = {
			isa = PBXGroup;
			children = (
				8346871326692C5B0051C101 /* OrderManagementView.swift */,
				8346872026693F8C0051C101 /* ManagementDetailView.swift */,
			);
			path = OrderManagement;
			sourceTree = "<group>";
		};
		837501762677576F00530F9C /* Tests */ = {
			isa = PBXGroup;
			children = (
				83DF103126752BB1001C708B /* TestView.swift */,
			);
			path = Tests;
			sourceTree = "<group>";
		};
		E8DF01E62684BDF700F04CFD /* Beer */ = {
			isa = PBXGroup;
			children = (
				E8DF01E72684BE2A00F04CFD /* BeerEditView.swift */,
			);
			path = Beer;
			sourceTree = "<group>";
		};
/* End PBXGroup section */

/* Begin PBXNativeTarget section */
		83306EE82668F7D7009E6FC8 /* BeerShare */ = {
			isa = PBXNativeTarget;
			buildConfigurationList = 83306EF82668F7D9009E6FC8 /* Build configuration list for PBXNativeTarget "BeerShare" */;
			buildPhases = (
				83306EE52668F7D7009E6FC8 /* Sources */,
				83306EE62668F7D7009E6FC8 /* Frameworks */,
				83306EE72668F7D7009E6FC8 /* Resources */,
			);
			buildRules = (
			);
			dependencies = (
			);
			name = BeerShare;
			productName = BeerShare;
			productReference = 83306EE92668F7D7009E6FC8 /* BeerShare.app */;
			productType = "com.apple.product-type.application";
		};
/* End PBXNativeTarget section */

/* Begin PBXProject section */
		83306EE12668F7D7009E6FC8 /* Project object */ = {
			isa = PBXProject;
			attributes = {
				LastSwiftUpdateCheck = 1250;
				LastUpgradeCheck = 1250;
				TargetAttributes = {
					83306EE82668F7D7009E6FC8 = {
						CreatedOnToolsVersion = 12.5;
					};
				};
			};
			buildConfigurationList = 83306EE42668F7D7009E6FC8 /* Build configuration list for PBXProject "BeerShare" */;
			compatibilityVersion = "Xcode 9.3";
			developmentRegion = en;
			hasScannedForEncodings = 0;
			knownRegions = (
				en,
				Base,
			);
			mainGroup = 83306EE02668F7D7009E6FC8;
			productRefGroup = 83306EEA2668F7D7009E6FC8 /* Products */;
			projectDirPath = "";
			projectRoot = "";
			targets = (
				83306EE82668F7D7009E6FC8 /* BeerShare */,
			);
		};
/* End PBXProject section */

/* Begin PBXResourcesBuildPhase section */
		83306EE72668F7D7009E6FC8 /* Resources */ = {
			isa = PBXResourcesBuildPhase;
			buildActionMask = 2147483647;
			files = (
				83306EF42668F7D9009E6FC8 /* Preview Assets.xcassets in Resources */,
				83306EF12668F7D9009E6FC8 /* Assets.xcassets in Resources */,
			);
			runOnlyForDeploymentPostprocessing = 0;
		};
/* End PBXResourcesBuildPhase section */

/* Begin PBXSourcesBuildPhase section */
		83306EE52668F7D7009E6FC8 /* Sources */ = {
			isa = PBXSourcesBuildPhase;
			buildActionMask = 2147483647;
			files = (
				83DF103226752BB1001C708B /* TestView.swift in Sources */,
				83EC221E26696D4300467F6B /* BierkellerDetailView.swift in Sources */,
				83636473266ACE65007C4618 /* Location.swift in Sources */,
				E80F7AC126839C8A00B78BDA /* BeerEntryDetailView.swift in Sources */,
				E80F7ABB2683702E00B78BDA /* BeerCellarEntry.swift in Sources */,
				8346872126693F8C0051C101 /* ManagementDetailView.swift in Sources */,
				8346871426692C5B0051C101 /* OrderManagementView.swift in Sources */,
				E8DF01ED2685DFAD00F04CFD /* AddressEditView.swift in Sources */,
				E8DF01E82684BE2A00F04CFD /* BeerEditView.swift in Sources */,
				837501752677567800530F9C /* BeerSearchView.swift in Sources */,
				E80F7AB926836ABD00B78BDA /* Shared.swift in Sources */,
				837501752677567800530F9C /* BeerSearchView.swift in Sources */,
				83468725266948D20051C101 /* Order.swift in Sources */,
				8346871626692CAB0051C101 /* BierkellerView.swift in Sources */,
				83DF103426752BD0001C708B /* Beer.swift in Sources */,
				E809C1E1267627B2007899B6 /* Address.swift in Sources */,
				83306EEF2668F7D7009E6FC8 /* MainView.swift in Sources */,
				E809C1E3267627ED007899B6 /* BeerCellar.swift in Sources */,
				83468723266941120051C101 /* Package.swift in Sources */,
				83306EED2668F7D7009E6FC8 /* BeerShareApp.swift in Sources */,
				E80FADCE268CA5120046C746 /* LoginResponse.swift in Sources */,
				83DF10302674EE37001C708B /* WebApiClient.swift in Sources */,
			);
			runOnlyForDeploymentPostprocessing = 0;
		};
/* End PBXSourcesBuildPhase section */

/* Begin XCBuildConfiguration section */
		83306EF62668F7D9009E6FC8 /* Debug */ = {
			isa = XCBuildConfiguration;
			buildSettings = {
				ALWAYS_SEARCH_USER_PATHS = NO;
				CLANG_ANALYZER_NONNULL = YES;
				CLANG_ANALYZER_NUMBER_OBJECT_CONVERSION = YES_AGGRESSIVE;
				CLANG_CXX_LANGUAGE_STANDARD = "gnu++14";
				CLANG_CXX_LIBRARY = "libc++";
				CLANG_ENABLE_MODULES = YES;
				CLANG_ENABLE_OBJC_ARC = YES;
				CLANG_ENABLE_OBJC_WEAK = YES;
				CLANG_WARN_BLOCK_CAPTURE_AUTORELEASING = YES;
				CLANG_WARN_BOOL_CONVERSION = YES;
				CLANG_WARN_COMMA = YES;
				CLANG_WARN_CONSTANT_CONVERSION = YES;
				CLANG_WARN_DEPRECATED_OBJC_IMPLEMENTATIONS = YES;
				CLANG_WARN_DIRECT_OBJC_ISA_USAGE = YES_ERROR;
				CLANG_WARN_DOCUMENTATION_COMMENTS = YES;
				CLANG_WARN_EMPTY_BODY = YES;
				CLANG_WARN_ENUM_CONVERSION = YES;
				CLANG_WARN_INFINITE_RECURSION = YES;
				CLANG_WARN_INT_CONVERSION = YES;
				CLANG_WARN_NON_LITERAL_NULL_CONVERSION = YES;
				CLANG_WARN_OBJC_IMPLICIT_RETAIN_SELF = YES;
				CLANG_WARN_OBJC_LITERAL_CONVERSION = YES;
				CLANG_WARN_OBJC_ROOT_CLASS = YES_ERROR;
				CLANG_WARN_QUOTED_INCLUDE_IN_FRAMEWORK_HEADER = YES;
				CLANG_WARN_RANGE_LOOP_ANALYSIS = YES;
				CLANG_WARN_STRICT_PROTOTYPES = YES;
				CLANG_WARN_SUSPICIOUS_MOVE = YES;
				CLANG_WARN_UNGUARDED_AVAILABILITY = YES_AGGRESSIVE;
				CLANG_WARN_UNREACHABLE_CODE = YES;
				CLANG_WARN__DUPLICATE_METHOD_MATCH = YES;
				COPY_PHASE_STRIP = NO;
				DEBUG_INFORMATION_FORMAT = dwarf;
				ENABLE_STRICT_OBJC_MSGSEND = YES;
				ENABLE_TESTABILITY = YES;
				GCC_C_LANGUAGE_STANDARD = gnu11;
				GCC_DYNAMIC_NO_PIC = NO;
				GCC_NO_COMMON_BLOCKS = YES;
				GCC_OPTIMIZATION_LEVEL = 0;
				GCC_PREPROCESSOR_DEFINITIONS = (
					"DEBUG=1",
					"$(inherited)",
				);
				GCC_WARN_64_TO_32_BIT_CONVERSION = YES;
				GCC_WARN_ABOUT_RETURN_TYPE = YES_ERROR;
				GCC_WARN_UNDECLARED_SELECTOR = YES;
				GCC_WARN_UNINITIALIZED_AUTOS = YES_AGGRESSIVE;
				GCC_WARN_UNUSED_FUNCTION = YES;
				GCC_WARN_UNUSED_VARIABLE = YES;
				IPHONEOS_DEPLOYMENT_TARGET = 14.5;
				MTL_ENABLE_DEBUG_INFO = INCLUDE_SOURCE;
				MTL_FAST_MATH = YES;
				ONLY_ACTIVE_ARCH = YES;
				SDKROOT = iphoneos;
				SWIFT_ACTIVE_COMPILATION_CONDITIONS = DEBUG;
				SWIFT_OPTIMIZATION_LEVEL = "-Onone";
			};
			name = Debug;
		};
		83306EF72668F7D9009E6FC8 /* Release */ = {
			isa = XCBuildConfiguration;
			buildSettings = {
				ALWAYS_SEARCH_USER_PATHS = NO;
				CLANG_ANALYZER_NONNULL = YES;
				CLANG_ANALYZER_NUMBER_OBJECT_CONVERSION = YES_AGGRESSIVE;
				CLANG_CXX_LANGUAGE_STANDARD = "gnu++14";
				CLANG_CXX_LIBRARY = "libc++";
				CLANG_ENABLE_MODULES = YES;
				CLANG_ENABLE_OBJC_ARC = YES;
				CLANG_ENABLE_OBJC_WEAK = YES;
				CLANG_WARN_BLOCK_CAPTURE_AUTORELEASING = YES;
				CLANG_WARN_BOOL_CONVERSION = YES;
				CLANG_WARN_COMMA = YES;
				CLANG_WARN_CONSTANT_CONVERSION = YES;
				CLANG_WARN_DEPRECATED_OBJC_IMPLEMENTATIONS = YES;
				CLANG_WARN_DIRECT_OBJC_ISA_USAGE = YES_ERROR;
				CLANG_WARN_DOCUMENTATION_COMMENTS = YES;
				CLANG_WARN_EMPTY_BODY = YES;
				CLANG_WARN_ENUM_CONVERSION = YES;
				CLANG_WARN_INFINITE_RECURSION = YES;
				CLANG_WARN_INT_CONVERSION = YES;
				CLANG_WARN_NON_LITERAL_NULL_CONVERSION = YES;
				CLANG_WARN_OBJC_IMPLICIT_RETAIN_SELF = YES;
				CLANG_WARN_OBJC_LITERAL_CONVERSION = YES;
				CLANG_WARN_OBJC_ROOT_CLASS = YES_ERROR;
				CLANG_WARN_QUOTED_INCLUDE_IN_FRAMEWORK_HEADER = YES;
				CLANG_WARN_RANGE_LOOP_ANALYSIS = YES;
				CLANG_WARN_STRICT_PROTOTYPES = YES;
				CLANG_WARN_SUSPICIOUS_MOVE = YES;
				CLANG_WARN_UNGUARDED_AVAILABILITY = YES_AGGRESSIVE;
				CLANG_WARN_UNREACHABLE_CODE = YES;
				CLANG_WARN__DUPLICATE_METHOD_MATCH = YES;
				COPY_PHASE_STRIP = NO;
				DEBUG_INFORMATION_FORMAT = "dwarf-with-dsym";
				ENABLE_NS_ASSERTIONS = NO;
				ENABLE_STRICT_OBJC_MSGSEND = YES;
				GCC_C_LANGUAGE_STANDARD = gnu11;
				GCC_NO_COMMON_BLOCKS = YES;
				GCC_WARN_64_TO_32_BIT_CONVERSION = YES;
				GCC_WARN_ABOUT_RETURN_TYPE = YES_ERROR;
				GCC_WARN_UNDECLARED_SELECTOR = YES;
				GCC_WARN_UNINITIALIZED_AUTOS = YES_AGGRESSIVE;
				GCC_WARN_UNUSED_FUNCTION = YES;
				GCC_WARN_UNUSED_VARIABLE = YES;
				IPHONEOS_DEPLOYMENT_TARGET = 14.5;
				MTL_ENABLE_DEBUG_INFO = NO;
				MTL_FAST_MATH = YES;
				SDKROOT = iphoneos;
				SWIFT_COMPILATION_MODE = wholemodule;
				SWIFT_OPTIMIZATION_LEVEL = "-O";
				VALIDATE_PRODUCT = YES;
			};
			name = Release;
		};
		83306EF92668F7D9009E6FC8 /* Debug */ = {
			isa = XCBuildConfiguration;
			buildSettings = {
				ASSETCATALOG_COMPILER_APPICON_NAME = AppIcon;
				ASSETCATALOG_COMPILER_GLOBAL_ACCENT_COLOR_NAME = AccentColor;
				CODE_SIGN_STYLE = Automatic;
				DEVELOPMENT_ASSET_PATHS = "\"BeerShare/Preview Content\"";
				ENABLE_PREVIEWS = YES;
				INFOPLIST_FILE = BeerShare/Info.plist;
				IPHONEOS_DEPLOYMENT_TARGET = 14.0;
				LD_RUNPATH_SEARCH_PATHS = (
					"$(inherited)",
					"@executable_path/Frameworks",
				);
				PRODUCT_BUNDLE_IDENTIFIER = "at.technikum-wien.wi19b093.BeerShare";
				PRODUCT_NAME = "$(TARGET_NAME)";
				SWIFT_VERSION = 5.0;
				TARGETED_DEVICE_FAMILY = "1,2";
			};
			name = Debug;
		};
		83306EFA2668F7D9009E6FC8 /* Release */ = {
			isa = XCBuildConfiguration;
			buildSettings = {
				ASSETCATALOG_COMPILER_APPICON_NAME = AppIcon;
				ASSETCATALOG_COMPILER_GLOBAL_ACCENT_COLOR_NAME = AccentColor;
				CODE_SIGN_STYLE = Automatic;
				DEVELOPMENT_ASSET_PATHS = "\"BeerShare/Preview Content\"";
				ENABLE_PREVIEWS = YES;
				INFOPLIST_FILE = BeerShare/Info.plist;
				IPHONEOS_DEPLOYMENT_TARGET = 14.0;
				LD_RUNPATH_SEARCH_PATHS = (
					"$(inherited)",
					"@executable_path/Frameworks",
				);
				PRODUCT_BUNDLE_IDENTIFIER = "at.technikum-wien.wi19b093.BeerShare";
				PRODUCT_NAME = "$(TARGET_NAME)";
				SWIFT_VERSION = 5.0;
				TARGETED_DEVICE_FAMILY = "1,2";
			};
			name = Release;
		};
/* End XCBuildConfiguration section */

/* Begin XCConfigurationList section */
		83306EE42668F7D7009E6FC8 /* Build configuration list for PBXProject "BeerShare" */ = {
			isa = XCConfigurationList;
			buildConfigurations = (
				83306EF62668F7D9009E6FC8 /* Debug */,
				83306EF72668F7D9009E6FC8 /* Release */,
			);
			defaultConfigurationIsVisible = 0;
			defaultConfigurationName = Release;
		};
		83306EF82668F7D9009E6FC8 /* Build configuration list for PBXNativeTarget "BeerShare" */ = {
			isa = XCConfigurationList;
			buildConfigurations = (
				83306EF92668F7D9009E6FC8 /* Debug */,
				83306EFA2668F7D9009E6FC8 /* Release */,
			);
			defaultConfigurationIsVisible = 0;
			defaultConfigurationName = Release;
		};
/* End XCConfigurationList section */
	};
	rootObject = 83306EE12668F7D7009E6FC8 /* Project object */;
}
